
Microsoft Visual Studio Solution File, Format Version 12.00
# Visual Studio Version 18
VisualStudioVersion = 18.6.11806.211 stable
MinimumVisualStudioVersion = 10.0.40219.1
Project("{FAE04EC0-301F-11D3-BF4B-00C04F79EFBC}") = "DynaRealm", "DynaRealm.csproj", "{49C330F5-EB0A-A418-3411-ACB37B58971F}"
EndProject
Global
	GlobalSection(SolutionConfigurationPlatforms) = preSolution
		Debug|Any CPU = Debug|Any CPU
		Release|Any CPU = Release|Any CPU
	EndGlobalSection
	GlobalSection(ProjectConfigurationPlatforms) = postSolution
		{49C330F5-EB0A-A418-3411-ACB37B58971F}.Debug|Any CPU.ActiveCfg = Debug|Any CPU
		{49C330F5-EB0A-A418-3411-ACB37B58971F}.Debug|Any CPU.Build.0 = Debug|Any CPU
		{49C330F5-EB0A-A418-3411-ACB37B58971F}.Release|Any CPU.ActiveCfg = Release|Any CPU
		{49C330F5-EB0A-A418-3411-ACB37B58971F}.Release|Any CPU.Build.0 = Release|Any CPU
	EndGlobalSection
	GlobalSection(SolutionProperties) = preSolution
		HideSolutionNode = FALSE
	EndGlobalSection
	GlobalSection(ExtensibilityGlobals) = postSolution
		SolutionGuid = {BAFD1C90-8232-4D3A-9023-3DBBA099E868}
	EndGlobalSection
EndGlobal
